
Microsoft Visual Studio Solution File, Format Version 12.00
# Visual Studio Version 16
VisualStudioVersion = 16.0.30413.136
MinimumVisualStudioVersion = 10.0.40219.1
Project("{9A19103F-16F7-4668-BE54-9A1E7A4F7556}") = "MessageBrokers", "MessageBrokers\MessageBrokers.csproj", "{B950CC8A-4DCA-4F62-9521-55655BD94861}"
EndProject
Global
	GlobalSection(SolutionConfigurationPlatforms) = preSolution
		Debug|Any CPU = Debug|Any CPU
		Release|Any CPU = Release|Any CPU
	EndGlobalSection
	GlobalSection(ProjectConfigurationPlatforms) = postSolution
		{B950CC8A-4DCA-4F62-9521-55655BD94861}.Debug|Any CPU.ActiveCfg = Debug|Any CPU
		{B950CC8A-4DCA-4F62-9521-55655BD94861}.Debug|Any CPU.Build.0 = Debug|Any CPU
		{B950CC8A-4DCA-4F62-9521-55655BD94861}.Release|Any CPU.ActiveCfg = Release|Any CPU
		{B950CC8A-4DCA-4F62-9521-55655BD94861}.Release|Any CPU.Build.0 = Release|Any CPU
	EndGlobalSection
	GlobalSection(SolutionProperties) = preSolution
		HideSolutionNode = FALSE
	EndGlobalSection
	GlobalSection(ExtensibilityGlobals) = postSolution
		SolutionGuid = {8A3A4BA6-6304-471D-9A06-85F25496636D}
	EndGlobalSection
EndGlobal
